{
  "dependencies": {
    "imap": {
      "version": "0.8.14",
      "dependencies": {
        "utf7": {
          "version": "1.0.0"
        },
        "readable-stream": {
          "version": "1.1.13",
          "dependencies": {
            "core-util-is": {
              "version": "1.0.1"
            },
            "isarray": {
              "version": "0.0.1"
            },
            "string_decoder": {
              "version": "0.10.31"
            },
            "inherits": {
              "version": "2.0.1"
            }
          }
        }
      }
    },
    "mailparser": {
      "version": "0.4.8",
      "dependencies": {
        "mimelib": {
          "version": "0.2.18",
          "dependencies": {
            "addressparser": {
              "version": "0.2.1"
            }
          }
        },
        "encoding": {
          "version": "0.1.11",
          "dependencies": {
            "iconv-lite": {
              "version": "0.4.6"
            }
          }
        },
        "mime": {
          "version": "1.2.11"
        },
        "uue": {
          "version": "1.0.0"
        }
      }
    }
  }
}
